{
  "nodes": {
    "MyServersSecrets": {
      "flake": false,
      "locked": {
        "lastModified": 1754601650,
        "narHash": "sha256-gdTUuzOFuyLWyRDDfpJUC9CleXIlxHwdNJIbxIBuNVQ=",
        "ref": "refs/heads/main",
        "rev": "045b323b11eef188a07596486fb6ede50a0c7498",
        "revCount": 16,
        "type": "git",
        "url": "ssh://git@github.com/Alper-Celik/MyServersSecrets.git"
      },
      "original": {
        "type": "git",
        "url": "ssh://git@github.com/Alper-Celik/MyServersSecrets.git"
      }
    },
    "deploy-rs": {
      "inputs": {
        "flake-compat": "flake-compat",
        "nixpkgs": "nixpkgs",
        "utils": "utils"
      },
      "locked": {
        "lastModified": 1756719547,
        "narHash": "sha256-N9gBKUmjwRKPxAafXEk1EGadfk2qDZPBQp4vXWPHINQ=",
        "owner": "serokell",
        "repo": "deploy-rs",
        "rev": "125ae9e3ecf62fb2c0fd4f2d894eb971f1ecaed2",
        "type": "github"
      },
      "original": {
        "owner": "serokell",
        "repo": "deploy-rs",
        "type": "github"
      }
    },
    "disko": {
      "inputs": {
        "nixpkgs": [
          "nixpkgs"
        ]
      },
      "locked": {
        "lastModified": 1760701190,
        "narHash": "sha256-y7UhnWlER8r776JsySqsbTUh2Txf7K30smfHlqdaIQw=",
        "owner": "nix-community",
        "repo": "disko",
        "rev": "3a9450b26e69dcb6f8de6e2b07b3fc1c288d85f5",
        "type": "github"
      },
      "original": {
        "owner": "nix-community",
        "repo": "disko",
        "type": "github"
      }
    },
    "flake-compat": {
      "flake": false,
      "locked": {
        "lastModified": 1733328505,
        "narHash": "sha256-NeCCThCEP3eCl2l/+27kNNK7QrwZB1IJCrXfrbv5oqU=",
        "owner": "edolstra",
        "repo": "flake-compat",
        "rev": "ff81ac966bb2cae68946d5ed5fc4994f96d0ffec",
        "type": "github"
      },
      "original": {
        "owner": "edolstra",
        "repo": "flake-compat",
        "type": "github"
      }
    },
    "flake-utils": {
      "inputs": {
        "systems": "systems_2"
      },
      "locked": {
        "lastModified": 1694529238,
        "narHash": "sha256-zsNZZGTGnMOf9YpHKJqMSsa0dXbfmxeoJ7xHlrt+xmY=",
        "owner": "numtide",
        "repo": "flake-utils",
        "rev": "ff7b65b44d01cf9ba6a71320833626af21126384",
        "type": "github"
      },
      "original": {
        "owner": "numtide",
        "repo": "flake-utils",
        "type": "github"
      }
    },
    "impermanence": {
      "locked": {
        "lastModified": 1737831083,
        "narHash": "sha256-LJggUHbpyeDvNagTUrdhe/pRVp4pnS6wVKALS782gRI=",
        "owner": "nix-community",
        "repo": "impermanence",
        "rev": "4b3e914cdf97a5b536a889e939fb2fd2b043a170",
        "type": "github"
      },
      "original": {
        "owner": "nix-community",
        "repo": "impermanence",
        "type": "github"
      }
    },
    "my-blog": {
      "inputs": {
        "flake-utils": "flake-utils",
        "nixpkgs": "nixpkgs_2",
        "theme": "theme"
      },
      "locked": {
        "lastModified": 1749747137,
        "narHash": "sha256-Z+eamtCNOmGv1ANue7gQAoi+Kqaa66RO8DoeISWjx7Q=",
        "owner": "Alper-Celik",
        "repo": "MyBlog",
        "rev": "3ab276ebe920cbe04bace7cc0664111647cbb0e3",
        "type": "github"
      },
      "original": {
        "owner": "Alper-Celik",
        "repo": "MyBlog",
        "type": "github"
      }
    },
    "nixos-hardware": {
      "locked": {
        "lastModified": 1760958188,
        "narHash": "sha256-2m1S4jl+GEDtlt2QqeHil8Ny456dcGSKJAM7q3j/BFU=",
        "owner": "NixOS",
        "repo": "nixos-hardware",
        "rev": "d6645c340ef7d821602fd2cd199e8d1eed10afbc",
        "type": "github"
      },
      "original": {
        "owner": "NixOS",
        "ref": "master",
        "repo": "nixos-hardware",
        "type": "github"
      }
    },
    "nixpkgs": {
      "locked": {
        "lastModified": 1743014863,
        "narHash": "sha256-jAIUqsiN2r3hCuHji80U7NNEafpIMBXiwKlSrjWMlpg=",
        "owner": "NixOS",
        "repo": "nixpkgs",
        "rev": "bd3bac8bfb542dbde7ffffb6987a1a1f9d41699f",
        "type": "github"
      },
      "original": {
        "owner": "NixOS",
        "ref": "nixpkgs-unstable",
        "repo": "nixpkgs",
        "type": "github"
      }
    },
    "nixpkgs-unstable": {
      "locked": {
        "lastModified": 1761672384,
        "narHash": "sha256-o9KF3DJL7g7iYMZq9SWgfS1BFlNbsm6xplRjVlOCkXI=",
        "owner": "nixos",
        "repo": "nixpkgs",
        "rev": "08dacfca559e1d7da38f3cf05f1f45ee9bfd213c",
        "type": "github"
      },
      "original": {
        "owner": "nixos",
        "ref": "nixos-unstable",
        "repo": "nixpkgs",
        "type": "github"
      }
    },
    "nixpkgs_2": {
      "locked": {
        "lastModified": 1697059129,
        "narHash": "sha256-9NJcFF9CEYPvHJ5ckE8kvINvI84SZZ87PvqMbH6pro0=",
        "owner": "nixos",
        "repo": "nixpkgs",
        "rev": "5e4c2ada4fcd54b99d56d7bd62f384511a7e2593",
        "type": "github"
      },
      "original": {
        "owner": "nixos",
        "ref": "nixos-unstable",
        "repo": "nixpkgs",
        "type": "github"
      }
    },
    "nixpkgs_3": {
      "locked": {
        "lastModified": 1761597516,
        "narHash": "sha256-wxX7u6D2rpkJLWkZ2E932SIvDJW8+ON/0Yy8+a5vsDU=",
        "owner": "nixos",
        "repo": "nixpkgs",
        "rev": "daf6dc47aa4b44791372d6139ab7b25269184d55",
        "type": "github"
      },
      "original": {
        "owner": "nixos",
        "ref": "nixos-25.05",
        "repo": "nixpkgs",
        "type": "github"
      }
    },
    "octodns-cloudflare-src": {
      "flake": false,
      "locked": {
        "lastModified": 1761275830,
        "narHash": "sha256-IzxbiHNfWkBvDPMIpbcKxyRWOrwVVMtsBlIAebOIJNk=",
        "owner": "octodns",
        "repo": "octodns-cloudflare",
        "rev": "6f8f3b3ec9c0203d8c15b362ae45e73324fdb898",
        "type": "github"
      },
      "original": {
        "owner": "octodns",
        "repo": "octodns-cloudflare",
        "type": "github"
      }
    },
    "octodns-ddns-src": {
      "flake": false,
      "locked": {
        "lastModified": 1761275975,
        "narHash": "sha256-N3RT8BxphSCdoI1wQLXLgn7LtAGm8/YG+QL3pN26DYo=",
        "owner": "octodns",
        "repo": "octodns-ddns",
        "rev": "4fe8bd6b168d63905a7bd27b602928cdf5d91105",
        "type": "github"
      },
      "original": {
        "owner": "octodns",
        "repo": "octodns-ddns",
        "type": "github"
      }
    },
    "root": {
      "inputs": {
        "MyServersSecrets": "MyServersSecrets",
        "deploy-rs": "deploy-rs",
        "disko": "disko",
        "impermanence": "impermanence",
        "my-blog": "my-blog",
        "nixos-hardware": "nixos-hardware",
        "nixpkgs": "nixpkgs_3",
        "nixpkgs-unstable": "nixpkgs-unstable",
        "octodns-cloudflare-src": "octodns-cloudflare-src",
        "octodns-ddns-src": "octodns-ddns-src",
        "sops-nix": "sops-nix"
      }
    },
    "sops-nix": {
      "inputs": {
        "nixpkgs": [
          "nixpkgs"
        ]
      },
      "locked": {
        "lastModified": 1760998189,
        "narHash": "sha256-ee2e1/AeGL5X8oy/HXsZQvZnae6XfEVdstGopKucYLY=",
        "owner": "mic92",
        "repo": "sops-nix",
        "rev": "5a7d18b5c55642df5c432aadb757140edfeb70b3",
        "type": "github"
      },
      "original": {
        "owner": "mic92",
        "repo": "sops-nix",
        "type": "github"
      }
    },
    "systems": {
      "locked": {
        "lastModified": 1681028828,
        "narHash": "sha256-Vy1rq5AaRuLzOxct8nz4T6wlgyUR7zLU309k9mBC768=",
        "owner": "nix-systems",
        "repo": "default",
        "rev": "da67096a3b9bf56a91d16901293e51ba5b49a27e",
        "type": "github"
      },
      "original": {
        "owner": "nix-systems",
        "repo": "default",
        "type": "github"
      }
    },
    "systems_2": {
      "locked": {
        "lastModified": 1681028828,
        "narHash": "sha256-Vy1rq5AaRuLzOxct8nz4T6wlgyUR7zLU309k9mBC768=",
        "owner": "nix-systems",
        "repo": "default",
        "rev": "da67096a3b9bf56a91d16901293e51ba5b49a27e",
        "type": "github"
      },
      "original": {
        "owner": "nix-systems",
        "repo": "default",
        "type": "github"
      }
    },
    "theme": {
      "flake": false,
      "locked": {
        "lastModified": 1687166492,
        "narHash": "sha256-q6j6lSP9GPZRYD952CNV5tqsLIlAMQzbxR/xlrJFCqQ=",
        "owner": "serkodev",
        "repo": "holy",
        "rev": "813c12d1d9ad2afd58505cfd33b9aabd3194730b",
        "type": "github"
      },
      "original": {
        "owner": "serkodev",
        "repo": "holy",
        "type": "github"
      }
    },
    "utils": {
      "inputs": {
        "systems": "systems"
      },
      "locked": {
        "lastModified": 1731533236,
        "narHash": "sha256-l0KFg5HjrsfsO/JpG+r7fRrqm12kzFHyUHqHCVpMMbI=",
        "owner": "numtide",
        "repo": "flake-utils",
        "rev": "11707dc2f618dd54ca8739b309ec4fc024de578b",
        "type": "github"
      },
      "original": {
        "owner": "numtide",
        "repo": "flake-utils",
        "type": "github"
      }
    }
  },
  "root": "root",
  "version": 7
}
